
Microsoft Visual Studio Solution File, Format Version 12.00
# Visual Studio 15
VisualStudioVersion = 15.0.28010.2026
MinimumVisualStudioVersion = 10.0.40219.1
Project("{FAE04EC0-301F-11D3-BF4B-00C04F79EFBC}") = "GestionEmp", "GestionEmp\GestionEmp.csproj", "{42A25954-930C-4E8D-B88C-9F05665834D5}"
EndProject
Global
	GlobalSection(SolutionConfigurationPlatforms) = preSolution
		Debug|Any CPU = Debug|Any CPU
		Release|Any CPU = Release|Any CPU
	EndGlobalSection
	GlobalSection(ProjectConfigurationPlatforms) = postSolution
		{42A25954-930C-4E8D-B88C-9F05665834D5}.Debug|Any CPU.ActiveCfg = Debug|Any CPU
		{42A25954-930C-4E8D-B88C-9F05665834D5}.Debug|Any CPU.Build.0 = Debug|Any CPU
		{42A25954-930C-4E8D-B88C-9F05665834D5}.Release|Any CPU.ActiveCfg = Release|Any CPU
		{42A25954-930C-4E8D-B88C-9F05665834D5}.Release|Any CPU.Build.0 = Release|Any CPU
	EndGlobalSection
	GlobalSection(SolutionProperties) = preSolution
		HideSolutionNode = FALSE
	EndGlobalSection
	GlobalSection(ExtensibilityGlobals) = postSolution
		SolutionGuid = {8A0364A6-08CB-4F5F-B8E0-73B2A1C13DDA}
	EndGlobalSection
EndGlobal
