
Microsoft Visual Studio Solution File, Format Version 12.00
# Visual Studio 15
VisualStudioVersion = 15.0.28010.2026
MinimumVisualStudioVersion = 10.0.40219.1
Project("{FAE04EC0-301F-11D3-BF4B-00C04F79EFBC}") = "StackSistNum", "StackSistNum\StackSistNum.csproj", "{7EE87F82-9233-4A91-BC54-8EC2DE2EBFBD}"
EndProject
Global
	GlobalSection(SolutionConfigurationPlatforms) = preSolution
		Debug|Any CPU = Debug|Any CPU
		Release|Any CPU = Release|Any CPU
	EndGlobalSection
	GlobalSection(ProjectConfigurationPlatforms) = postSolution
		{7EE87F82-9233-4A91-BC54-8EC2DE2EBFBD}.Debug|Any CPU.ActiveCfg = Debug|Any CPU
		{7EE87F82-9233-4A91-BC54-8EC2DE2EBFBD}.Debug|Any CPU.Build.0 = Debug|Any CPU
		{7EE87F82-9233-4A91-BC54-8EC2DE2EBFBD}.Release|Any CPU.ActiveCfg = Release|Any CPU
		{7EE87F82-9233-4A91-BC54-8EC2DE2EBFBD}.Release|Any CPU.Build.0 = Release|Any CPU
	EndGlobalSection
	GlobalSection(SolutionProperties) = preSolution
		HideSolutionNode = FALSE
	EndGlobalSection
	GlobalSection(ExtensibilityGlobals) = postSolution
		SolutionGuid = {52E17F20-D455-45A6-A2A0-95FF393CA521}
	EndGlobalSection
EndGlobal
